# This file is automatically @generated by Poetry 2.2.1 and should not be changed by hand.

[[package]]
name = "click"
version = "8.3.1"
description = "Composable command line interface toolkit"
optional = false
python-versions = ">=3.10"
groups = ["main"]
files = [
    {file = "click-8.3.1-py3-none-any.whl", hash = "sha256:981153a64e25f12d547d3426c367a4857371575ee7ad18df2a6183ab0545b2a6"},
    {file = "click-8.3.1.tar.gz", hash = "sha256:12ff4785d337a1bb490bb7e9c2b1ee5da3112e94a8622f26a6c77f5d2fc6842a"},
]

[package.dependencies]
colorama = {version = "*", markers = "platform_system == \"Windows\""}

[[package]]
name = "colorama"
version = "0.4.6"
description = "Cross-platform colored terminal text."
optional = false
python-versions = "!=3.0.*,!=3.1.*,!=3.2.*,!=3.3.*,!=3.4.*,!=3.5.*,!=3.6.*,>=2.7"
groups = ["main"]
markers = "platform_system == \"Windows\""
files = [
    {file = "colorama-0.4.6-py2.py3-none-any.whl", hash = "sha256:4f1d9991f5acc0ca119f9d443620b77f9d6b33703e51011c16baf57afb285fc6"},
    {file = "colorama-0.4.6.tar.gz", hash = "sha256:08695f5cb7ed6e0531a20572697297273c47b8cae5a63ffc6d6ed5c201be6e44"},
]

[[package]]
name = "gensim"
version = "4.4.0"
description = "Python framework for fast Vector Space Modelling"
optional = false
python-versions = ">=3.9"
groups = ["main"]
files = [
    {file = "gensim-4.4.0-cp310-cp310-macosx_10_9_x86_64.whl", hash = "sha256:e29a2109819fdf5ff59bef670c8c22c1690d52239fe172b43e408908871de5f6"},
    {file = "gensim-4.4.0-cp310-cp310-macosx_11_0_arm64.whl", hash = "sha256:5c4d8f2a5e69bc246931dfd8e03d0ce3f3bcf82adbbdbcf20dfc35c43b8e1035"},
    {file = "gensim-4.4.0-cp310-cp310-manylinux_2_24_aarch64.manylinux_2_28_aarch64.whl", hash = "sha256:f0977e5e5df03f829f322662e37ac973b93272c526f1432f865d214c0b573f98"},
    {file = "gensim-4.4.0-cp310-cp310-manylinux_2_24_x86_64.manylinux_2_28_x86_64.whl", hash = "sha256:d56613fcb77d4068c1be845843508dcd9d384ede34700a61bbeac32b947d1fc3"},
    {file = "gensim-4.4.0-cp310-cp310-win_amd64.whl", hash = "sha256:724b93c9b6e92cd15837048c71b7fdd38059276c85dd1f9c0375576f0aea153f"},
    {file = "gensim-4.4.0-cp311-cp311-macosx_10_9_x86_64.whl", hash = "sha256:7590e7313848ca8f3ff064898bcd6ecf6ec71c752cf4d3ec83f7ac992bc7c088"},
    {file = "gensim-4.4.0-cp311-cp311-macosx_11_0_arm64.whl", hash = "sha256:05a027238b5eb544a17afe73ec227d6a7e0c6b4e2108b1131c0b8f291a0e0e2e"},
    {file = "gensim-4.4.0-cp311-cp311-manylinux_2_24_aarch64.manylinux_2_28_aarch64.whl", hash = "sha256:7e110e2d3533f5b35239850a96cb2016a586ecd85671d655079b3048332b7169"},
    {file = "gensim-4.4.0-cp311-cp311-manylinux_2_24_x86_64.manylinux_2_28_x86_64.whl", hash = "sha256:91a7fa5e814e7b1bad4b2dffa8d62c1e55410d5cbdf930714c1997ffb4404db8"},
    {file = "gensim-4.4.0-cp311-cp311-win_amd64.whl", hash = "sha256:5e2c1d584d1c7d16b2a0fe7d2f6f59a451422df7b5edb7e3ca46c8e462782127"},
    {file = "gensim-4.4.0-cp312-cp312-macosx_10_13_x86_64.whl", hash = "sha256:0845b2fa039dbea5667fb278b5414e70f6d48fd208ef51f33e84a78444288d8d"},
    {file = "gensim-4.4.0-cp312-cp312-macosx_11_0_arm64.whl", hash = "sha256:1853fc5be730f692c444a826041fef9a2fc8d74c73bb59748904b2e3221daa86"},
    {file = "gensim-4.4.0-cp312-cp312-manylinux_2_24_aarch64.manylinux_2_28_aarch64.whl", hash = "sha256:23a2a4260f01c8f71bae5dd0e8a01bb247a2c789480c033e0eaba100b0ad4239"},
    {file = "gensim-4.4.0-cp312-cp312-manylinux_2_24_x86_64.manylinux_2_28_x86_64.whl", hash = "sha256:4b73ff30af6ddd0d2ddf9473b1eb44603cd79ec14c87d93b75291802b991916c"},
    {file = "gensim-4.4.0-cp312-cp312-win_amd64.whl", hash = "sha256:b3a3f9bc8d4178b01d114e1c58c5ab2333f131c7415fb3d8ec8f1ecfe4c5b544"},
    {file = "gensim-4.4.0-cp313-cp313-macosx_10_13_x86_64.whl", hash = "sha256:b8961b7a2bb5190b46bc6cd26c29d5bfea22f99123ed5f506ebd0aaf65996758"},
    {file = "gensim-4.4.0-cp313-cp313-macosx_11_0_arm64.whl", hash = "sha256:59d0d29099a76dd97d4563e002f3488a43e51f99d46387025da38007ebfeeff9"},
    {file = "gensim-4.4.0-cp313-cp313-manylinux_2_24_aarch64.manylinux_2_28_aarch64.whl", hash = "sha256:3bec3e6a1ecaa6439b21a3e42ceb0ca67ffabc114b646f89b1aab5fe69a39ffc"},
    {file = "gensim-4.4.0-cp313-cp313-manylinux_2_24_x86_64.manylinux_2_28_x86_64.whl", hash = "sha256:9033b18920b7774e68eafacdbd87252ffa29382ec465ddb88bd036e00fc86365"},
    {file = "gensim-4.4.0-cp313-cp313-win_amd64.whl", hash = "sha256:6ecb7aed37fb92d24e15a6adbabe693074003263db0fd9ce97c9f4234a9edc1b"},
    {file = "gensim-4.4.0-cp39-cp39-macosx_10_9_x86_64.whl", hash = "sha256:de863f72b97ee142e7ce1c28da8f8e5473b76064ecbfe139da62127f46ab5c07"},
    {file = "gensim-4.4.0-cp39-cp39-macosx_11_0_arm64.whl", hash = "sha256:54a32a196502bf0e376cd7ef935be97f7ca96cc0f90ee9514d48406b7bd21bad"},
    {file = "gensim-4.4.0-cp39-cp39-manylinux_2_24_aarch64.manylinux_2_28_aarch64.whl", hash = "sha256:484286ff973c77d262776e44e0bc3b958331b7b0f5d61f83014f6cc12f1a814f"},
    {file = "gensim-4.4.0-cp39-cp39-manylinux_2_24_x86_64.manylinux_2_28_x86_64.whl", hash = "sha256:120d58351f67ef38f3b102a724fb2ece298b20a06fbeae02797f18c1087591ca"},
    {file = "gensim-4.4.0-cp39-cp39-win_amd64.whl", hash = "sha256:06704acd354728262f9f32a9435c70945930f8d11b58531b3cb5c699f4757ad4"},
    {file = "gensim-4.4.0.tar.gz", hash = "sha256:a3f5b626da5518e79a479140361c663089fe7998df8ba52d56e1ded71ac5bdf5"},
]

[package.dependencies]
numpy = ">=1.18.5"
scipy = ">=1.7.0"
smart_open = ">=1.8.1"

[package.extras]
distributed = ["Pyro4 (>=4.27)"]
docs = ["POT", "Pyro4", "Pyro4 (>=4.27)", "annoy", "matplotlib", "memory_profiler", "nltk", "pandas", "pytest", "pytest-cov", "scikit-learn", "sphinx (==5.1.1)", "sphinx-gallery (==0.11.1)", "sphinxcontrib-napoleon (==0.7)", "sphinxcontrib.programoutput (==0.17)", "statsmodels", "testfixtures", "testfixtures", "visdom (>=0.1.8,!=0.1.8.7)"]
test = ["POT", "pytest", "pytest-cov", "testfixtures", "visdom (>=0.1.8,!=0.1.8.7)"]
test-win = ["POT", "pytest", "pytest-cov", "testfixtures"]

[[package]]
name = "joblib"
version = "1.5.2"
description = "Lightweight pipelining with Python functions"
optional = false
python-versions = ">=3.9"
groups = ["main"]
files = [
    {file = "joblib-1.5.2-py3-none-any.whl", hash = "sha256:4e1f0bdbb987e6d843c70cf43714cb276623def372df3c22fe5266b2670bc241"},
    {file = "joblib-1.5.2.tar.gz", hash = "sha256:3faa5c39054b2f03ca547da9b2f52fde67c06240c31853f306aea97f13647b55"},
]

[[package]]
name = "nltk"
version = "3.9.2"
description = "Natural Language Toolkit"
optional = false
python-versions = ">=3.9"
groups = ["main"]
files = [
    {file = "nltk-3.9.2-py3-none-any.whl", hash = "sha256:1e209d2b3009110635ed9709a67a1a3e33a10f799490fa71cf4bec218c11c88a"},
    {file = "nltk-3.9.2.tar.gz", hash = "sha256:0f409e9b069ca4177c1903c3e843eef90c7e92992fa4931ae607da6de49e1419"},
]

[package.dependencies]
click = "*"
joblib = "*"
regex = ">=2021.8.3"
tqdm = "*"

[package.extras]
all = ["matplotlib", "numpy", "pyparsing", "python-crfsuite", "requests", "scikit-learn", "scipy", "twython"]
corenlp = ["requests"]
machine-learning = ["numpy", "python-crfsuite", "scikit-learn", "scipy"]
plot = ["matplotlib"]
tgrep = ["pyparsing"]
twitter = ["twython"]

[[package]]
name = "numpy"
version = "2.3.5"
description = "Fundamental package for array computing in Python"
optional = false
python-versions = ">=3.11"
groups = ["main"]
files = [
    {file = "numpy-2.3.5-cp311-cp311-macosx_10_9_x86_64.whl", hash = "sha256:de5672f4a7b200c15a4127042170a694d4df43c992948f5e1af57f0174beed10"},
    {file = "numpy-2.3.5-cp311-cp311-macosx_11_0_arm64.whl", hash = "sha256:acfd89508504a19ed06ef963ad544ec6664518c863436306153e13e94605c218"},
    {file = "numpy-2.3.5-cp311-cp311-macosx_14_0_arm64.whl", hash = "sha256:ffe22d2b05504f786c867c8395de703937f934272eb67586817b46188b4ded6d"},
    {file = "numpy-2.3.5-cp311-cp311-macosx_14_0_x86_64.whl", hash = "sha256:872a5cf366aec6bb1147336480fef14c9164b154aeb6542327de4970282cd2f5"},
    {file = "numpy-2.3.5-cp311-cp311-manylinux_2_27_aarch64.manylinux_2_28_aarch64.whl", hash = "sha256:3095bdb8dd297e5920b010e96134ed91d852d81d490e787beca7e35ae1d89cf7"},
    {file = "numpy-2.3.5-cp311-cp311-manylinux_2_27_x86_64.manylinux_2_28_x86_64.whl", hash = "sha256:8cba086a43d54ca804ce711b2a940b16e452807acebe7852ff327f1ecd49b0d4"},
    {file = "numpy-2.3.5-cp311-cp311-musllinux_1_2_aarch64.whl", hash = "sha256:6cf9b429b21df6b99f4dee7a1218b8b7ffbbe7df8764dc0bd60ce8a0708fed1e"},
    {file = "numpy-2.3.5-cp311-cp311-musllinux_1_2_x86_64.whl", hash = "sha256:396084a36abdb603546b119d96528c2f6263921c50df3c8fd7cb28873a237748"},
    {file = "numpy-2.3.5-cp311-cp311-win32.whl", hash = "sha256:b0c7088a73aef3d687c4deef8452a3ac7c1be4e29ed8bf3b366c8111128ac60c"},
    {file = "numpy-2.3.5-cp311-cp311-win_amd64.whl", hash = "sha256:a414504bef8945eae5f2d7cb7be2d4af77c5d1cb5e20b296c2c25b61dff2900c"},
    {file = "numpy-2.3.5-cp311-cp311-win_arm64.whl", hash = "sha256:0cd00b7b36e35398fa2d16af7b907b65304ef8bb4817a550e06e5012929830fa"},
    {file = "numpy-2.3.5-cp312-cp312-macosx_10_13_x86_64.whl", hash = "sha256:74ae7b798248fe62021dbf3c914245ad45d1a6b0cb4a29ecb4b31d0bfbc4cc3e"},
    {file = "numpy-2.3.5-cp312-cp312-macosx_11_0_arm64.whl", hash = "sha256:ee3888d9ff7c14604052b2ca5535a30216aa0a58e948cdd3eeb8d3415f638769"},
    {file = "numpy-2.3.5-cp312-cp312-macosx_14_0_arm64.whl", hash = "sha256:612a95a17655e213502f60cfb9bf9408efdc9eb1d5f50535cc6eb365d11b42b5"},
    {file = "numpy-2.3.5-cp312-cp312-macosx_14_0_x86_64.whl", hash = "sha256:3101e5177d114a593d79dd79658650fe28b5a0d8abeb8ce6f437c0e6df5be1a4"},
    {file = "numpy-2.3.5-cp312-cp312-manylinux_2_27_aarch64.manylinux_2_28_aarch64.whl", hash = "sha256:8b973c57ff8e184109db042c842423ff4f60446239bd585a5131cc47f06f789d"},
    {file = "numpy-2.3.5-cp312-cp312-manylinux_2_27_x86_64.manylinux_2_28_x86_64.whl", hash = "sha256:0d8163f43acde9a73c2a33605353a4f1bc4798745a8b1d73183b28e5b435ae28"},
    {file = "numpy-2.3.5-cp312-cp312-musllinux_1_2_aarch64.whl", hash = "sha256:51c1e14eb1e154ebd80e860722f9e6ed6ec89714ad2db2d3aa33c31d7c12179b"},
    {file = "numpy-2.3.5-cp312-cp312-musllinux_1_2_x86_64.whl", hash = "sha256:b46b4ec24f7293f23adcd2d146960559aaf8020213de8ad1909dba6c013bf89c"},
    {file = "numpy-2.3.5-cp312-cp312-win32.whl", hash = "sha256:3997b5b3c9a771e157f9aae01dd579ee35ad7109be18db0e85dbdbe1de06e952"},
    {file = "numpy-2.3.5-cp312-cp312-win_amd64.whl", hash = "sha256:86945f2ee6d10cdfd67bcb4069c1662dd711f7e2a4343db5cecec06b87cf31aa"},
    {file = "numpy-2.3.5-cp312-cp312-win_arm64.whl", hash = "sha256:f28620fe26bee16243be2b7b874da327312240a7cdc38b769a697578d2100013"},
    {file = "numpy-2.3.5-cp313-cp313-macosx_10_13_x86_64.whl", hash = "sha256:d0f23b44f57077c1ede8c5f26b30f706498b4862d3ff0a7298b8411dd2f043ff"},
    {file = "numpy-2.3.5-cp313-cp313-macosx_11_0_arm64.whl", hash = "sha256:aa5bc7c5d59d831d9773d1170acac7893ce3a5e130540605770ade83280e7188"},
    {file = "numpy-2.3.5-cp313-cp313-macosx_14_0_arm64.whl", hash = "sha256:ccc933afd4d20aad3c00bcef049cb40049f7f196e0397f1109dba6fed63267b0"},
    {file = "numpy-2.3.5-cp313-cp313-macosx_14_0_x86_64.whl", hash = "sha256:afaffc4393205524af9dfa400fa250143a6c3bc646c08c9f5e25a9f4b4d6a903"},
    {file = "numpy-2.3.5-cp313-cp313-manylinux_2_27_aarch64.manylinux_2_28_aarch64.whl", hash = "sha256:9c75442b2209b8470d6d5d8b1c25714270686f14c749028d2199c54e29f20b4d"},
    {file = "numpy-2.3.5-cp313-cp313-manylinux_2_27_x86_64.manylinux_2_28_x86_64.whl", hash = "sha256:11e06aa0af8c0f05104d56450d6093ee639e15f24ecf62d417329d06e522e017"},
    {file = "numpy-2.3.5-cp313-cp313-musllinux_1_2_aarch64.whl", hash = "sha256:ed89927b86296067b4f81f108a2271d8926467a8868e554eaf370fc27fa3ccaf"},
    {file = "numpy-2.3.5-cp313-cp313-musllinux_1_2_x86_64.whl", hash = "sha256:51c55fe3451421f3a6ef9a9c1439e82101c57a2c9eab9feb196a62b1a10b58ce"},
    {file = "numpy-2.3.5-cp313-cp313-win32.whl", hash = "sha256:1978155dd49972084bd6ef388d66ab70f0c323ddee6f693d539376498720fb7e"},
    {file = "numpy-2.3.5-cp313-cp313-win_amd64.whl", hash = "sha256:00dc4e846108a382c5869e77c6ed514394bdeb3403461d25a829711041217d5b"},
    {file = "numpy-2.3.5-cp313-cp313-win_arm64.whl", hash = "sha256:0472f11f6ec23a74a906a00b48a4dcf3849209696dff7c189714511268d103ae"},
    {file = "numpy-2.3.5-cp313-cp313t-macosx_10_13_x86_64.whl", hash = "sha256:414802f3b97f3c1eef41e530aaba3b3c1620649871d8cb38c6eaff034c2e16bd"},
    {file = "numpy-2.3.5-cp313-cp313t-macosx_11_0_arm64.whl", hash = "sha256:5ee6609ac3604fa7780e30a03e5e241a7956f8e2fcfe547d51e3afa5247ac47f"},
    {file = "numpy-2.3.5-cp313-cp313t-macosx_14_0_arm64.whl", hash = "sha256:86d835afea1eaa143012a2d7a3f45a3adce2d7adc8b4961f0b362214d800846a"},
    {file = "numpy-2.3.5-cp313-cp313t-macosx_14_0_x86_64.whl", hash = "sha256:30bc11310e8153ca664b14c5f1b73e94bd0503681fcf136a163de856f3a50139"},
    {file = "numpy-2.3.5-cp313-cp313t-manylinux_2_27_aarch64.manylinux_2_28_aarch64.whl", hash = "sha256:1062fde1dcf469571705945b0f221b73928f34a20c904ffb45db101907c3454e"},
    {file = "numpy-2.3.5-cp313-cp313t-manylinux_2_27_x86_64.manylinux_2_28_x86_64.whl", hash = "sha256:ce581db493ea1a96c0556360ede6607496e8bf9b3a8efa66e06477267bc831e9"},
    {file = "numpy-2.3.5-cp313-cp313t-musllinux_1_2_aarch64.whl", hash = "sha256:cc8920d2ec5fa99875b670bb86ddeb21e295cb07aa331810d9e486e0b969d946"},
    {file = "numpy-2.3.5-cp313-cp313t-musllinux_1_2_x86_64.whl", hash = "sha256:9ee2197ef8c4f0dfe405d835f3b6a14f5fee7782b5de51ba06fb65fc9b36e9f1"},
    {file = "numpy-2.3.5-cp313-cp313t-win32.whl", hash = "sha256:70b37199913c1bd300ff6e2693316c6f869c7ee16378faf10e4f5e3275b299c3"},
    {file = "numpy-2.3.5-cp313-cp313t-win_amd64.whl", hash = "sha256:b501b5fa195cc9e24fe102f21ec0a44dffc231d2af79950b451e0d99cea02234"},
    {file = "numpy-2.3.5-cp313-cp313t-win_arm64.whl", hash = "sha256:a80afd79f45f3c4a7d341f13acbe058d1ca8ac017c165d3fa0d3de6bc1a079d7"},
    {file = "numpy-2.3.5-cp314-cp314-macosx_10_15_x86_64.whl", hash = "sha256:bf06bc2af43fa8d32d30fae16ad965663e966b1a3202ed407b84c989c3221e82"},
    {file = "numpy-2.3.5-cp314-cp314-macosx_11_0_arm64.whl", hash = "sha256:052e8c42e0c49d2575621c158934920524f6c5da05a1d3b9bab5d8e259e045f0"},
    {file = "numpy-2.3.5-cp314-cp314-macosx_14_0_arm64.whl", hash = "sha256:1ed1ec893cff7040a02c8aa1c8611b94d395590d553f6b53629a4461dc7f7b63"},
    {file = "numpy-2.3.5-cp314-cp314-macosx_14_0_x86_64.whl", hash = "sha256:2dcd0808a421a482a080f89859a18beb0b3d1e905b81e617a188bd80422d62e9"},
    {file = "numpy-2.3.5-cp314-cp314-manylinux_2_27_aarch64.manylinux_2_28_aarch64.whl", hash = "sha256:727fd05b57df37dc0bcf1a27767a3d9a78cbbc92822445f32cc3436ba797337b"},
    {file = "numpy-2.3.5-cp314-cp314-manylinux_2_27_x86_64.manylinux_2_28_x86_64.whl", hash = "sha256:fffe29a1ef00883599d1dc2c51aa2e5d80afe49523c261a74933df395c15c520"},
    {file = "numpy-2.3.5-cp314-cp314-musllinux_1_2_aarch64.whl", hash = "sha256:8f7f0e05112916223d3f438f293abf0727e1181b5983f413dfa2fefc4098245c"},
    {file = "numpy-2.3.5-cp314-cp314-musllinux_1_2_x86_64.whl", hash = "sha256:2e2eb32ddb9ccb817d620ac1d8dae7c3f641c1e5f55f531a33e8ab97960a75b8"},
    {file = "numpy-2.3.5-cp314-cp314-win32.whl", hash = "sha256:66f85ce62c70b843bab1fb14a05d5737741e74e28c7b8b5a064de10142fad248"},
    {file = "numpy-2.3.5-cp314-cp314-win_amd64.whl", hash = "sha256:e6a0bc88393d65807d751a614207b7129a310ca4fe76a74e5c7da5fa5671417e"},
    {file = "numpy-2.3.5-cp314-cp314-win_arm64.whl", hash = "sha256:aeffcab3d4b43712bb7a60b65f6044d444e75e563ff6180af8f98dd4b905dfd2"},
    {file = "numpy-2.3.5-cp314-cp314t-macosx_10_15_x86_64.whl", hash = "sha256:17531366a2e3a9e30762c000f2c43a9aaa05728712e25c11ce1dbe700c53ad41"},
    {file = "numpy-2.3.5-cp314-cp314t-macosx_11_0_arm64.whl", hash = "sha256:d21644de1b609825ede2f48be98dfde4656aefc713654eeee280e37cadc4e0ad"},
    {file = "numpy-2.3.5-cp314-cp314t-macosx_14_0_arm64.whl", hash = "sha256:c804e3a5aba5460c73955c955bdbd5c08c354954e9270a2c1565f62e866bdc39"},
    {file = "numpy-2.3.5-cp314-cp314t-macosx_14_0_x86_64.whl", hash = "sha256:cc0a57f895b96ec78969c34f682c602bf8da1a0270b09bc65673df2e7638ec20"},
    {file = "numpy-2.3.5-cp314-cp314t-manylinux_2_27_aarch64.manylinux_2_28_aarch64.whl", hash = "sha256:900218e456384ea676e24ea6a0417f030a3b07306d29d7ad843957b40a9d8d52"},
    {file = "numpy-2.3.5-cp314-cp314t-manylinux_2_27_x86_64.manylinux_2_28_x86_64.whl", hash = "sha256:09a1bea522b25109bf8e6f3027bd810f7c1085c64a0c7ce050c1676ad0ba010b"},
    {file = "numpy-2.3.5-cp314-cp314t-musllinux_1_2_aarch64.whl", hash = "sha256:04822c00b5fd0323c8166d66c701dc31b7fbd252c100acd708c48f763968d6a3"},
    {file = "numpy-2.3.5-cp314-cp314t-musllinux_1_2_x86_64.whl", hash = "sha256:d6889ec4ec662a1a37eb4b4fb26b6100841804dac55bd9df579e326cdc146227"},
    {file = "numpy-2.3.5-cp314-cp314t-win32.whl", hash = "sha256:93eebbcf1aafdf7e2ddd44c2923e2672e1010bddc014138b229e49725b4d6be5"},
    {file = "numpy-2.3.5-cp314-cp314t-win_amd64.whl", hash = "sha256:c8a9958e88b65c3b27e22ca2a076311636850b612d6bbfb76e8d156aacde2aaf"},
    {file = "numpy-2.3.5-cp314-cp314t-win_arm64.whl", hash = "sha256:6203fdf9f3dc5bdaed7319ad8698e685c7a3be10819f41d32a0723e611733b42"},
    {file = "numpy-2.3.5-pp311-pypy311_pp73-macosx_10_15_x86_64.whl", hash = "sha256:f0963b55cdd70fad460fa4c1341f12f976bb26cb66021a5580329bd498988310"},
    {file = "numpy-2.3.5-pp311-pypy311_pp73-macosx_11_0_arm64.whl", hash = "sha256:f4255143f5160d0de972d28c8f9665d882b5f61309d8362fdd3e103cf7bf010c"},
    {file = "numpy-2.3.5-pp311-pypy311_pp73-macosx_14_0_arm64.whl", hash = "sha256:a4b9159734b326535f4dd01d947f919c6eefd2d9827466a696c44ced82dfbc18"},
    {file = "numpy-2.3.5-pp311-pypy311_pp73-macosx_14_0_x86_64.whl", hash = "sha256:2feae0d2c91d46e59fcd62784a3a83b3fb677fead592ce51b5a6fbb4f95965ff"},
    {file = "numpy-2.3.5-pp311-pypy311_pp73-manylinux_2_27_aarch64.manylinux_2_28_aarch64.whl", hash = "sha256:ffac52f28a7849ad7576293c0cb7b9f08304e8f7d738a8cb8a90ec4c55a998eb"},
    {file = "numpy-2.3.5-pp311-pypy311_pp73-manylinux_2_27_x86_64.manylinux_2_28_x86_64.whl", hash = "sha256:63c0e9e7eea69588479ebf4a8a270d5ac22763cc5854e9a7eae952a3908103f7"},
    {file = "numpy-2.3.5-pp311-pypy311_pp73-win_amd64.whl", hash = "sha256:f16417ec91f12f814b10bafe79ef77e70113a2f5f7018640e7425ff979253425"},
    {file = "numpy-2.3.5.tar.gz", hash = "sha256:784db1dcdab56bf0517743e746dfb0f885fc68d948aba86eeec2cba234bdf1c0"},
]

[[package]]
name = "regex"
version = "2025.11.3"
description = "Alternative regular expression module, to replace re."
optional = false
python-versions = ">=3.9"
groups = ["main"]
files = [
    {file = "regex-2025.11.3-cp310-cp310-macosx_10_9_universal2.whl", hash = "sha256:2b441a4ae2c8049106e8b39973bfbddfb25a179dda2bdb99b0eeb60c40a6a3af"},
    {file = "regex-2025.11.3-cp310-cp310-macosx_10_9_x86_64.whl", hash = "sha256:2fa2eed3f76677777345d2f81ee89f5de2f5745910e805f7af7386a920fa7313"},
    {file = "regex-2025.11.3-cp310-cp310-macosx_11_0_arm64.whl", hash = "sha256:d8b4a27eebd684319bdf473d39f1d79eed36bf2cd34bd4465cdb4618d82b3d56"},
    {file = "regex-2025.11.3-cp310-cp310-manylinux2014_aarch64.manylinux_2_17_aarch64.manylinux_2_28_aarch64.whl", hash = "sha256:5cf77eac15bd264986c4a2c63353212c095b40f3affb2bc6b4ef80c4776c1a28"},
    {file = "regex-2025.11.3-cp310-cp310-manylinux2014_ppc64le.manylinux_2_17_ppc64le.manylinux_2_28_ppc64le.whl", hash = "sha256:b7f9ee819f94c6abfa56ec7b1dbab586f41ebbdc0a57e6524bd5e7f487a878c7"},
    {file = "regex-2025.11.3-cp310-cp310-manylinux2014_s390x.manylinux_2_17_s390x.manylinux_2_28_s390x.whl", hash = "sha256:838441333bc90b829406d4a03cb4b8bf7656231b84358628b0406d803931ef32"},
    {file = "regex-2025.11.3-cp310-cp310-manylinux2014_x86_64.manylinux_2_17_x86_64.manylinux_2_28_x86_64.whl", hash = "sha256:cfe6d3f0c9e3b7e8c0c694b24d25e677776f5ca26dce46fd6b0489f9c8339391"},
    {file = "regex-2025.11.3-cp310-cp310-manylinux2014_x86_64.manylinux_2_17_x86_64.whl", hash = "sha256:2ab815eb8a96379a27c3b6157fcb127c8f59c36f043c1678110cea492868f1d5"},
    {file = "regex-2025.11.3-cp310-cp310-musllinux_1_2_aarch64.whl", hash = "sha256:728a9d2d173a65b62bdc380b7932dd8e74ed4295279a8fe1021204ce210803e7"},
    {file = "regex-2025.11.3-cp310-cp310-musllinux_1_2_ppc64le.whl", hash = "sha256:509dc827f89c15c66a0c216331260d777dd6c81e9a4e4f830e662b0bb296c313"},
    {file = "regex-2025.11.3-cp310-cp310-musllinux_1_2_s390x.whl", hash = "sha256:849202cd789e5f3cf5dcc7822c34b502181b4824a65ff20ce82da5524e45e8e9"},
    {file = "regex-2025.11.3-cp310-cp310-musllinux_1_2_x86_64.whl", hash = "sha256:b6f78f98741dcc89607c16b1e9426ee46ce4bf31ac5e6b0d40e81c89f3481ea5"},
    {file = "regex-2025.11.3-cp310-cp310-win32.whl", hash = "sha256:149eb0bba95231fb4f6d37c8f760ec9fa6fabf65bab555e128dde5f2475193ec"},
    {file = "regex-2025.11.3-cp310-cp310-win_amd64.whl", hash = "sha256:ee3a83ce492074c35a74cc76cf8235d49e77b757193a5365ff86e3f2f93db9fd"},
    {file = "regex-2025.11.3-cp310-cp310-win_arm64.whl", hash = "sha256:38af559ad934a7b35147716655d4a2f79fcef2d695ddfe06a06ba40ae631fa7e"},
    {file = "regex-2025.11.3-cp311-cp311-macosx_10_9_universal2.whl", hash = "sha256:eadade04221641516fa25139273505a1c19f9bf97589a05bc4cfcd8b4a618031"},
    {file = "regex-2025.11.3-cp311-cp311-macosx_10_9_x86_64.whl", hash = "sha256:feff9e54ec0dd3833d659257f5c3f5322a12eee58ffa360984b716f8b92983f4"},
    {file = "regex-2025.11.3-cp311-cp311-macosx_11_0_arm64.whl", hash = "sha256:3b30bc921d50365775c09a7ed446359e5c0179e9e2512beec4a60cbcef6ddd50"},
    {file = "regex-2025.11.3-cp311-cp311-manylinux2014_aarch64.manylinux_2_17_aarch64.manylinux_2_28_aarch64.whl", hash = "sha256:f99be08cfead2020c7ca6e396c13543baea32343b7a9a5780c462e323bd8872f"},
    {file = "regex-2025.11.3-cp311-cp311-manylinux2014_ppc64le.manylinux_2_17_ppc64le.manylinux_2_28_ppc64le.whl", hash = "sha256:6dd329a1b61c0ee95ba95385fb0c07ea0d3fe1a21e1349fa2bec272636217118"},
    {file = "regex-2025.11.3-cp311-cp311-manylinux2014_s390x.manylinux_2_17_s390x.manylinux_2_28_s390x.whl", hash = "sha256:4c5238d32f3c5269d9e87be0cf096437b7622b6920f5eac4fd202468aaeb34d2"},
    {file = "regex-2025.11.3-cp311-cp311-manylinux2014_x86_64.manylinux_2_17_x86_64.manylinux_2_28_x86_64.whl", hash = "sha256:10483eefbfb0adb18ee9474498c9a32fcf4e594fbca0543bb94c48bac6183e2e"},
    {file = "regex-2025.11.3-cp311-cp311-musllinux_1_2_aarch64.whl", hash = "sha256:78c2d02bb6e1da0720eedc0bad578049cad3f71050ef8cd065ecc87691bed2b0"},
    {file = "regex-2025.11.3-cp311-cp311-musllinux_1_2_ppc64le.whl", hash = "sha256:e6b49cd2aad93a1790ce9cffb18964f6d3a4b0b3dbdbd5de094b65296fce6e58"},
    {file = "regex-2025.11.3-cp311-cp311-musllinux_1_2_s390x.whl", hash = "sha256:885b26aa3ee56433b630502dc3d36ba78d186a00cc535d3806e6bfd9ed3c70ab"},
    {file = "regex-2025.11.3-cp311-cp311-musllinux_1_2_x86_64.whl", hash = "sha256:ddd76a9f58e6a00f8772e72cff8ebcff78e022be95edf018766707c730593e1e"},
    {file = "regex-2025.11.3-cp311-cp311-win32.whl", hash = "sha256:3e816cc9aac1cd3cc9a4ec4d860f06d40f994b5c7b4d03b93345f44e08cc68bf"},
    {file = "regex-2025.11.3-cp311-cp311-win_amd64.whl", hash = "sha256:087511f5c8b7dfbe3a03f5d5ad0c2a33861b1fc387f21f6f60825a44865a385a"},
    {file = "regex-2025.11.3-cp311-cp311-win_arm64.whl", hash = "sha256:1ff0d190c7f68ae7769cd0313fe45820ba07ffebfddfaa89cc1eb70827ba0ddc"},
    {file = "regex-2025.11.3-cp312-cp312-macosx_10_13_universal2.whl", hash = "sha256:bc8ab71e2e31b16e40868a40a69007bc305e1109bd4658eb6cad007e0bf67c41"},
    {file = "regex-2025.11.3-cp312-cp312-macosx_10_13_x86_64.whl", hash = "sha256:22b29dda7e1f7062a52359fca6e58e548e28c6686f205e780b02ad8ef710de36"},
    {file = "regex-2025.11.3-cp312-cp312-macosx_11_0_arm64.whl", hash = "sha256:3a91e4a29938bc1a082cc28fdea44be420bf2bebe2665343029723892eb073e1"},
    {file = "regex-2025.11.3-cp312-cp312-manylinux2014_aarch64.manylinux_2_17_aarch64.manylinux_2_28_aarch64.whl", hash = "sha256:08b884f4226602ad40c5d55f52bf91a9df30f513864e0054bad40c0e9cf1afb7"},
    {file = "regex-2025.11.3-cp312-cp312-manylinux2014_ppc64le.manylinux_2_17_ppc64le.manylinux_2_28_ppc64le.whl", hash = "sha256:3e0b11b2b2433d1c39c7c7a30e3f3d0aeeea44c2a8d0bae28f6b95f639927a69"},
    {file = "regex-2025.11.3-cp312-cp312-manylinux2014_s390x.manylinux_2_17_s390x.manylinux_2_28_s390x.whl", hash = "sha256:87eb52a81ef58c7ba4d45c3ca74e12aa4b4e77816f72ca25258a85b3ea96cb48"},
    {file = "regex-2025.11.3-cp312-cp312-manylinux2014_x86_64.manylinux_2_17_x86_64.manylinux_2_28_x86_64.whl", hash = "sha256:a12ab1f5c29b4e93db518f5e3872116b7e9b1646c9f9f426f777b50d44a09e8c"},
    {file = "regex-2025.11.3-cp312-cp312-musllinux_1_2_aarch64.whl", hash = "sha256:7521684c8c7c4f6e88e35ec89680ee1aa8358d3f09d27dfbdf62c446f5d4c695"},
    {file = "regex-2025.11.3-cp312-cp312-musllinux_1_2_ppc64le.whl", hash = "sha256:7fe6e5440584e94cc4b3f5f4d98a25e29ca12dccf8873679a635638349831b98"},
    {file = "regex-2025.11.3-cp312-cp312-musllinux_1_2_s390x.whl", hash = "sha256:8e026094aa12b43f4fd74576714e987803a315c76edb6b098b9809db5de58f74"},
    {file = "regex-2025.11.3-cp312-cp312-musllinux_1_2_x86_64.whl", hash = "sha256:435bbad13e57eb5606a68443af62bed3556de2f46deb9f7d4237bc2f1c9fb3a0"},
    {file = "regex-2025.11.3-cp312-cp312-win32.whl", hash = "sha256:3839967cf4dc4b985e1570fd8d91078f0c519f30491c60f9ac42a8db039be204"},
    {file = "regex-2025.11.3-cp312-cp312-win_amd64.whl", hash = "sha256:e721d1b46e25c481dc5ded6f4b3f66c897c58d2e8cfdf77bbced84339108b0b9"},
    {file = "regex-2025.11.3-cp312-cp312-win_arm64.whl", hash = "sha256:64350685ff08b1d3a6fff33f45a9ca183dc1d58bbfe4981604e70ec9801bbc26"},
    {file = "regex-2025.11.3-cp313-cp313-macosx_10_13_universal2.whl", hash = "sha256:c1e448051717a334891f2b9a620fe36776ebf3dd8ec46a0b877c8ae69575feb4"},
    {file = "regex-2025.11.3-cp313-cp313-macosx_10_13_x86_64.whl", hash = "sha256:9b5aca4d5dfd7fbfbfbdaf44850fcc7709a01146a797536a8f84952e940cca76"},
    {file = "regex-2025.11.3-cp313-cp313-macosx_11_0_arm64.whl", hash = "sha256:04d2765516395cf7dda331a244a3282c0f5ae96075f728629287dfa6f76ba70a"},
    {file = "regex-2025.11.3-cp313-cp313-manylinux2014_aarch64.manylinux_2_17_aarch64.manylinux_2_28_aarch64.whl", hash = "sha256:5d9903ca42bfeec4cebedba8022a7c97ad2aab22e09573ce9976ba01b65e4361"},
    {file = "regex-2025.11.3-cp313-cp313-manylinux2014_ppc64le.manylinux_2_17_ppc64le.manylinux_2_28_ppc64le.whl", hash = "sha256:639431bdc89d6429f6721625e8129413980ccd62e9d3f496be618a41d205f160"},
    {file = "regex-2025.11.3-cp313-cp313-manylinux2014_s390x.manylinux_2_17_s390x.manylinux_2_28_s390x.whl", hash = "sha256:f117efad42068f9715677c8523ed2be1518116d1c49b1dd17987716695181efe"},
    {file = "regex-2025.11.3-cp313-cp313-manylinux2014_x86_64.manylinux_2_17_x86_64.manylinux_2_28_x86_64.whl", hash = "sha256:4aecb6f461316adf9f1f0f6a4a1a3d79e045f9b71ec76055a791affa3b285850"},
    {file = "regex-2025.11.3-cp313-cp313-musllinux_1_2_aarch64.whl", hash = "sha256:3b3a5f320136873cc5561098dfab677eea139521cb9a9e8db98b7e64aef44cbc"},
    {file = "regex-2025.11.3-cp313-cp313-musllinux_1_2_ppc64le.whl", hash = "sha256:75fa6f0056e7efb1f42a1c34e58be24072cb9e61a601340cc1196ae92326a4f9"},
    {file = "regex-2025.11.3-cp313-cp313-musllinux_1_2_s390x.whl", hash = "sha256:dbe6095001465294f13f1adcd3311e50dd84e5a71525f20a10bd16689c61ce0b"},
    {file = "regex-2025.11.3-cp313-cp313-musllinux_1_2_x86_64.whl", hash = "sha256:454d9b4ae7881afbc25015b8627c16d88a597479b9dea82b8c6e7e2e07240dc7"},
    {file = "regex-2025.11.3-cp313-cp313-win32.whl", hash = "sha256:28ba4d69171fc6e9896337d4fc63a43660002b7da53fc15ac992abcf3410917c"},
    {file = "regex-2025.11.3-cp313-cp313-win_amd64.whl", hash = "sha256:bac4200befe50c670c405dc33af26dad5a3b6b255dd6c000d92fe4629f9ed6a5"},
    {file = "regex-2025.11.3-cp313-cp313-win_arm64.whl", hash = "sha256:2292cd5a90dab247f9abe892ac584cb24f0f54680c73fcb4a7493c66c2bf2467"},
    {file = "regex-2025.11.3-cp313-cp313t-macosx_10_13_universal2.whl", hash = "sha256:1eb1ebf6822b756c723e09f5186473d93236c06c579d2cc0671a722d2ab14281"},
    {file = "regex-2025.11.3-cp313-cp313t-macosx_10_13_x86_64.whl", hash = "sha256:1e00ec2970aab10dc5db34af535f21fcf32b4a31d99e34963419636e2f85ae39"},
    {file = "regex-2025.11.3-cp313-cp313t-macosx_11_0_arm64.whl", hash = "sha256:a4cb042b615245d5ff9b3794f56be4138b5adc35a4166014d31d1814744148c7"},
    {file = "regex-2025.11.3-cp313-cp313t-manylinux2014_aarch64.manylinux_2_17_aarch64.manylinux_2_28_aarch64.whl", hash = "sha256:44f264d4bf02f3176467d90b294d59bf1db9fe53c141ff772f27a8b456b2a9ed"},
    {file = "regex-2025.11.3-cp313-cp313t-manylinux2014_ppc64le.manylinux_2_17_ppc64le.manylinux_2_28_ppc64le.whl", hash = "sha256:7be0277469bf3bd7a34a9c57c1b6a724532a0d235cd0dc4e7f4316f982c28b19"},
    {file = "regex-2025.11.3-cp313-cp313t-manylinux2014_s390x.manylinux_2_17_s390x.manylinux_2_28_s390x.whl", hash = "sha256:0d31e08426ff4b5b650f68839f5af51a92a5b51abd8554a60c2fbc7c71f25d0b"},
    {file = "regex-2025.11.3-cp313-cp313t-manylinux2014_x86_64.manylinux_2_17_x86_64.manylinux_2_28_x86_64.whl", hash = "sha256:e43586ce5bd28f9f285a6e729466841368c4a0353f6fd08d4ce4630843d3648a"},
    {file = "regex-2025.11.3-cp313-cp313t-musllinux_1_2_aarch64.whl", hash = "sha256:0f9397d561a4c16829d4e6ff75202c1c08b68a3bdbfe29dbfcdb31c9830907c6"},
    {file = "regex-2025.11.3-cp313-cp313t-musllinux_1_2_ppc64le.whl", hash = "sha256:dd16e78eb18ffdb25ee33a0682d17912e8cc8a770e885aeee95020046128f1ce"},
    {file = "regex-2025.11.3-cp313-cp313t-musllinux_1_2_s390x.whl", hash = "sha256:ffcca5b9efe948ba0661e9df0fa50d2bc4b097c70b9810212d6b62f05d83b2dd"},
    {file = "regex-2025.11.3-cp313-cp313t-musllinux_1_2_x86_64.whl", hash = "sha256:c56b4d162ca2b43318ac671c65bd4d563e841a694ac70e1a976ac38fcf4ca1d2"},
    {file = "regex-2025.11.3-cp313-cp313t-win32.whl", hash = "sha256:9ddc42e68114e161e51e272f667d640f97e84a2b9ef14b7477c53aac20c2d59a"},
    {file = "regex-2025.11.3-cp313-cp313t-win_amd64.whl", hash = "sha256:7a7c7fdf755032ffdd72c77e3d8096bdcb0eb92e89e17571a196f03d88b11b3c"},
    {file = "regex-2025.11.3-cp313-cp313t-win_arm64.whl", hash = "sha256:df9eb838c44f570283712e7cff14c16329a9f0fb19ca492d21d4b7528ee6821e"},
    {file = "regex-2025.11.3-cp314-cp314-macosx_10_13_universal2.whl", hash = "sha256:9697a52e57576c83139d7c6f213d64485d3df5bf84807c35fa409e6c970801c6"},
    {file = "regex-2025.11.3-cp314-cp314-macosx_10_13_x86_64.whl", hash = "sha256:e18bc3f73bd41243c9b38a6d9f2366cd0e0137a9aebe2d8ff76c5b67d4c0a3f4"},
    {file = "regex-2025.11.3-cp314-cp314-macosx_11_0_arm64.whl", hash = "sha256:61a08bcb0ec14ff4e0ed2044aad948d0659604f824cbd50b55e30b0ec6f09c73"},
    {file = "regex-2025.11.3-cp314-cp314-manylinux2014_aarch64.manylinux_2_17_aarch64.manylinux_2_28_aarch64.whl", hash = "sha256:c9c30003b9347c24bcc210958c5d167b9e4f9be786cb380a7d32f14f9b84674f"},
    {file = "regex-2025.11.3-cp314-cp314-manylinux2014_ppc64le.manylinux_2_17_ppc64le.manylinux_2_28_ppc64le.whl", hash = "sha256:4e1e592789704459900728d88d41a46fe3969b82ab62945560a31732ffc19a6d"},
    {file = "regex-2025.11.3-cp314-cp314-manylinux2014_s390x.manylinux_2_17_s390x.manylinux_2_28_s390x.whl", hash = "sha256:6538241f45eb5a25aa575dbba1069ad786f68a4f2773a29a2bd3dd1f9de787be"},
    {file = "regex-2025.11.3-cp314-cp314-manylinux2014_x86_64.manylinux_2_17_x86_64.manylinux_2_28_x86_64.whl", hash = "sha256:bce22519c989bb72a7e6b36a199384c53db7722fe669ba891da75907fe3587db"},
    {file = "regex-2025.11.3-cp314-cp314-musllinux_1_2_aarch64.whl", hash = "sha256:66d559b21d3640203ab9075797a55165d79017520685fb407b9234d72ab63c62"},
    {file = "regex-2025.11.3-cp314-cp314-musllinux_1_2_ppc64le.whl", hash = "sha256:669dcfb2e38f9e8c69507bace46f4889e3abbfd9b0c29719202883c0a603598f"},
    {file = "regex-2025.11.3-cp314-cp314-musllinux_1_2_s390x.whl", hash = "sha256:32f74f35ff0f25a5021373ac61442edcb150731fbaa28286bbc8bb1582c89d02"},
    {file = "regex-2025.11.3-cp314-cp314-musllinux_1_2_x86_64.whl", hash = "sha256:e6c7a21dffba883234baefe91bc3388e629779582038f75d2a5be918e250f0ed"},
    {file = "regex-2025.11.3-cp314-cp314-win32.whl", hash = "sha256:795ea137b1d809eb6836b43748b12634291c0ed55ad50a7d72d21edf1cd565c4"},
    {file = "regex-2025.11.3-cp314-cp314-win_amd64.whl", hash = "sha256:9f95fbaa0ee1610ec0fc6b26668e9917a582ba80c52cc6d9ada15e30aa9ab9ad"},
    {file = "regex-2025.11.3-cp314-cp314-win_arm64.whl", hash = "sha256:dfec44d532be4c07088c3de2876130ff0fbeeacaa89a137decbbb5f665855a0f"},
    {file = "regex-2025.11.3-cp314-cp314t-macosx_10_13_universal2.whl", hash = "sha256:ba0d8a5d7f04f73ee7d01d974d47c5834f8a1b0224390e4fe7c12a3a92a78ecc"},
    {file = "regex-2025.11.3-cp314-cp314t-macosx_10_13_x86_64.whl", hash = "sha256:442d86cf1cfe4faabf97db7d901ef58347efd004934da045c745e7b5bd57ac49"},
    {file = "regex-2025.11.3-cp314-cp314t-macosx_11_0_arm64.whl", hash = "sha256:fd0a5e563c756de210bb964789b5abe4f114dacae9104a47e1a649b910361536"},
    {file = "regex-2025.11.3-cp314-cp314t-manylinux2014_aarch64.manylinux_2_17_aarch64.manylinux_2_28_aarch64.whl", hash = "sha256:bf3490bcbb985a1ae97b2ce9ad1c0f06a852d5b19dde9b07bdf25bf224248c95"},
    {file = "regex-2025.11.3-cp314-cp314t-manylinux2014_ppc64le.manylinux_2_17_ppc64le.manylinux_2_28_ppc64le.whl", hash = "sha256:3809988f0a8b8c9dcc0f92478d6501fac7200b9ec56aecf0ec21f4a2ec4b6009"},
    {file = "regex-2025.11.3-cp314-cp314t-manylinux2014_s390x.manylinux_2_17_s390x.manylinux_2_28_s390x.whl", hash = "sha256:f4ff94e58e84aedb9c9fce66d4ef9f27a190285b451420f297c9a09f2b9abee9"},
    {file = "regex-2025.11.3-cp314-cp314t-manylinux2014_x86_64.manylinux_2_17_x86_64.manylinux_2_28_x86_64.whl", hash = "sha256:7eb542fd347ce61e1321b0a6b945d5701528dca0cd9759c2e3bb8bd57e47964d"},
    {file = "regex-2025.11.3-cp314-cp314t-musllinux_1_2_aarch64.whl", hash = "sha256:d6c2d5919075a1f2e413c00b056ea0c2f065b3f5fe83c3d07d325ab92dce51d6"},
    {file = "regex-2025.11.3-cp314-cp314t-musllinux_1_2_ppc64le.whl", hash = "sha256:3f8bf11a4827cc7ce5a53d4ef6cddd5ad25595d3c1435ef08f76825851343154"},
    {file = "regex-2025.11.3-cp314-cp314t-musllinux_1_2_s390x.whl", hash = "sha256:22c12d837298651e5550ac1d964e4ff57c3f56965fc1812c90c9fb2028eaf267"},
    {file = "regex-2025.11.3-cp314-cp314t-musllinux_1_2_x86_64.whl", hash = "sha256:62ba394a3dda9ad41c7c780f60f6e4a70988741415ae96f6d1bf6c239cf01379"},
    {file = "regex-2025.11.3-cp314-cp314t-win32.whl", hash = "sha256:4bf146dca15cdd53224a1bf46d628bd7590e4a07fbb69e720d561aea43a32b38"},
    {file = "regex-2025.11.3-cp314-cp314t-win_amd64.whl", hash = "sha256:adad1a1bcf1c9e76346e091d22d23ac54ef28e1365117d99521631078dfec9de"},
    {file = "regex-2025.11.3-cp314-cp314t-win_arm64.whl", hash = "sha256:c54f768482cef41e219720013cd05933b6f971d9562544d691c68699bf2b6801"},
    {file = "regex-2025.11.3-cp39-cp39-macosx_10_9_universal2.whl", hash = "sha256:81519e25707fc076978c6143b81ea3dc853f176895af05bf7ec51effe818aeec"},
    {file = "regex-2025.11.3-cp39-cp39-macosx_10_9_x86_64.whl", hash = "sha256:3bf28b1873a8af8bbb58c26cc56ea6e534d80053b41fb511a35795b6de507e6a"},
    {file = "regex-2025.11.3-cp39-cp39-macosx_11_0_arm64.whl", hash = "sha256:856a25c73b697f2ce2a24e7968285579e62577a048526161a2c0f53090bea9f9"},
    {file = "regex-2025.11.3-cp39-cp39-manylinux2014_aarch64.manylinux_2_17_aarch64.manylinux_2_28_aarch64.whl", hash = "sha256:8a3d571bd95fade53c86c0517f859477ff3a93c3fde10c9e669086f038e0f207"},
    {file = "regex-2025.11.3-cp39-cp39-manylinux2014_ppc64le.manylinux_2_17_ppc64le.manylinux_2_28_ppc64le.whl", hash = "sha256:732aea6de26051af97b94bc98ed86448821f839d058e5d259c72bf6d73ad0fc0"},
    {file = "regex-2025.11.3-cp39-cp39-manylinux2014_s390x.manylinux_2_17_s390x.manylinux_2_28_s390x.whl", hash = "sha256:51c1c1847128238f54930edb8805b660305dca164645a9fd29243f5610beea34"},
    {file = "regex-2025.11.3-cp39-cp39-manylinux2014_x86_64.manylinux_2_17_x86_64.manylinux_2_28_x86_64.whl", hash = "sha256:22dd622a402aad4558277305350699b2be14bc59f64d64ae1d928ce7d072dced"},
    {file = "regex-2025.11.3-cp39-cp39-manylinux2014_x86_64.manylinux_2_17_x86_64.whl", hash = "sha256:f3b5a391c7597ffa96b41bd5cbd2ed0305f515fcbb367dfa72735679d5502364"},
    {file = "regex-2025.11.3-cp39-cp39-musllinux_1_2_aarch64.whl", hash = "sha256:cc4076a5b4f36d849fd709284b4a3b112326652f3b0466f04002a6c15a0c96c1"},
    {file = "regex-2025.11.3-cp39-cp39-musllinux_1_2_ppc64le.whl", hash = "sha256:a295ca2bba5c1c885826ce3125fa0b9f702a1be547d821c01d65f199e10c01e2"},
    {file = "regex-2025.11.3-cp39-cp39-musllinux_1_2_s390x.whl", hash = "sha256:b4774ff32f18e0504bfc4e59a3e71e18d83bc1e171a3c8ed75013958a03b2f14"},
    {file = "regex-2025.11.3-cp39-cp39-musllinux_1_2_x86_64.whl", hash = "sha256:22e7d1cdfa88ef33a2ae6aa0d707f9255eb286ffbd90045f1088246833223aee"},
    {file = "regex-2025.11.3-cp39-cp39-win32.whl", hash = "sha256:74d04244852ff73b32eeede4f76f51c5bcf44bc3c207bc3e6cf1c5c45b890708"},
    {file = "regex-2025.11.3-cp39-cp39-win_amd64.whl", hash = "sha256:7a50cd39f73faa34ec18d6720ee25ef10c4c1839514186fcda658a06c06057a2"},
    {file = "regex-2025.11.3-cp39-cp39-win_arm64.whl", hash = "sha256:43b4fb020e779ca81c1b5255015fe2b82816c76ec982354534ad9ec09ad7c9e3"},
    {file = "regex-2025.11.3.tar.gz", hash = "sha256:1fedc720f9bb2494ce31a58a1631f9c82df6a09b49c19517ea5cc280b4541e01"},
]

[[package]]
name = "scipy"
version = "1.16.3"
description = "Fundamental algorithms for scientific computing in Python"
optional = false
python-versions = ">=3.11"
groups = ["main"]
files = [
    {file = "scipy-1.16.3-cp311-cp311-macosx_10_14_x86_64.whl", hash = "sha256:40be6cf99e68b6c4321e9f8782e7d5ff8265af28ef2cd56e9c9b2638fa08ad97"},
    {file = "scipy-1.16.3-cp311-cp311-macosx_12_0_arm64.whl", hash = "sha256:8be1ca9170fcb6223cc7c27f4305d680ded114a1567c0bd2bfcbf947d1b17511"},
    {file = "scipy-1.16.3-cp311-cp311-macosx_14_0_arm64.whl", hash = "sha256:bea0a62734d20d67608660f69dcda23e7f90fb4ca20974ab80b6ed40df87a005"},
    {file = "scipy-1.16.3-cp311-cp311-macosx_14_0_x86_64.whl", hash = "sha256:2a207a6ce9c24f1951241f4693ede2d393f59c07abc159b2cb2be980820e01fb"},
    {file = "scipy-1.16.3-cp311-cp311-manylinux2014_aarch64.manylinux_2_17_aarch64.whl", hash = "sha256:532fb5ad6a87e9e9cd9c959b106b73145a03f04c7d57ea3e6f6bb60b86ab0876"},
    {file = "scipy-1.16.3-cp311-cp311-manylinux2014_x86_64.manylinux_2_17_x86_64.whl", hash = "sha256:0151a0749efeaaab78711c78422d413c583b8cdd2011a3c1d6c794938ee9fdb2"},
    {file = "scipy-1.16.3-cp311-cp311-musllinux_1_2_aarch64.whl", hash = "sha256:b7180967113560cca57418a7bc719e30366b47959dd845a93206fbed693c867e"},
    {file = "scipy-1.16.3-cp311-cp311-musllinux_1_2_x86_64.whl", hash = "sha256:deb3841c925eeddb6afc1e4e4a45e418d19ec7b87c5df177695224078e8ec733"},
    {file = "scipy-1.16.3-cp311-cp311-win_amd64.whl", hash = "sha256:53c3844d527213631e886621df5695d35e4f6a75f620dca412bcd292f6b87d78"},
    {file = "scipy-1.16.3-cp311-cp311-win_arm64.whl", hash = "sha256:9452781bd879b14b6f055b26643703551320aa8d79ae064a71df55c00286a184"},
    {file = "scipy-1.16.3-cp312-cp312-macosx_10_14_x86_64.whl", hash = "sha256:81fc5827606858cf71446a5e98715ba0e11f0dbc83d71c7409d05486592a45d6"},
    {file = "scipy-1.16.3-cp312-cp312-macosx_12_0_arm64.whl", hash = "sha256:c97176013d404c7346bf57874eaac5187d969293bf40497140b0a2b2b7482e07"},
    {file = "scipy-1.16.3-cp312-cp312-macosx_14_0_arm64.whl", hash = "sha256:2b71d93c8a9936046866acebc915e2af2e292b883ed6e2cbe5c34beb094b82d9"},
    {file = "scipy-1.16.3-cp312-cp312-macosx_14_0_x86_64.whl", hash = "sha256:3d4a07a8e785d80289dfe66b7c27d8634a773020742ec7187b85ccc4b0e7b686"},
    {file = "scipy-1.16.3-cp312-cp312-manylinux2014_aarch64.manylinux_2_17_aarch64.whl", hash = "sha256:0553371015692a898e1aa858fed67a3576c34edefa6b7ebdb4e9dde49ce5c203"},
    {file = "scipy-1.16.3-cp312-cp312-manylinux2014_x86_64.manylinux_2_17_x86_64.whl", hash = "sha256:72d1717fd3b5e6ec747327ce9bda32d5463f472c9dce9f54499e81fbd50245a1"},
    {file = "scipy-1.16.3-cp312-cp312-musllinux_1_2_aarch64.whl", hash = "sha256:1fb2472e72e24d1530debe6ae078db70fb1605350c88a3d14bc401d6306dbffe"},
    {file = "scipy-1.16.3-cp312-cp312-musllinux_1_2_x86_64.whl", hash = "sha256:c5192722cffe15f9329a3948c4b1db789fbb1f05c97899187dcf009b283aea70"},
    {file = "scipy-1.16.3-cp312-cp312-win_amd64.whl", hash = "sha256:56edc65510d1331dae01ef9b658d428e33ed48b4f77b1d51caf479a0253f96dc"},
    {file = "scipy-1.16.3-cp312-cp312-win_arm64.whl", hash = "sha256:a8a26c78ef223d3e30920ef759e25625a0ecdd0d60e5a8818b7513c3e5384cf2"},
    {file = "scipy-1.16.3-cp313-cp313-macosx_10_14_x86_64.whl", hash = "sha256:d2ec56337675e61b312179a1ad124f5f570c00f920cc75e1000025451b88241c"},
    {file = "scipy-1.16.3-cp313-cp313-macosx_12_0_arm64.whl", hash = "sha256:16b8bc35a4cc24db80a0ec836a9286d0e31b2503cb2fd7ff7fb0e0374a97081d"},
    {file = "scipy-1.16.3-cp313-cp313-macosx_14_0_arm64.whl", hash = "sha256:5803c5fadd29de0cf27fa08ccbfe7a9e5d741bf63e4ab1085437266f12460ff9"},
    {file = "scipy-1.16.3-cp313-cp313-macosx_14_0_x86_64.whl", hash = "sha256:b81c27fc41954319a943d43b20e07c40bdcd3ff7cf013f4fb86286faefe546c4"},
    {file = "scipy-1.16.3-cp313-cp313-manylinux2014_aarch64.manylinux_2_17_aarch64.whl", hash = "sha256:0c3b4dd3d9b08dbce0f3440032c52e9e2ab9f96ade2d3943313dfe51a7056959"},
    {file = "scipy-1.16.3-cp313-cp313-manylinux2014_x86_64.manylinux_2_17_x86_64.whl", hash = "sha256:7dc1360c06535ea6116a2220f760ae572db9f661aba2d88074fe30ec2aa1ff88"},
    {file = "scipy-1.16.3-cp313-cp313-musllinux_1_2_aarch64.whl", hash = "sha256:663b8d66a8748051c3ee9c96465fb417509315b99c71550fda2591d7dd634234"},
    {file = "scipy-1.16.3-cp313-cp313-musllinux_1_2_x86_64.whl", hash = "sha256:eab43fae33a0c39006a88096cd7b4f4ef545ea0447d250d5ac18202d40b6611d"},
    {file = "scipy-1.16.3-cp313-cp313-win_amd64.whl", hash = "sha256:062246acacbe9f8210de8e751b16fc37458213f124bef161a5a02c7a39284304"},
    {file = "scipy-1.16.3-cp313-cp313-win_arm64.whl", hash = "sha256:50a3dbf286dbc7d84f176f9a1574c705f277cb6565069f88f60db9eafdbe3ee2"},
    {file = "scipy-1.16.3-cp313-cp313t-macosx_10_14_x86_64.whl", hash = "sha256:fb4b29f4cf8cc5a8d628bc8d8e26d12d7278cd1f219f22698a378c3d67db5e4b"},
    {file = "scipy-1.16.3-cp313-cp313t-macosx_12_0_arm64.whl", hash = "sha256:8d09d72dc92742988b0e7750bddb8060b0c7079606c0d24a8cc8e9c9c11f9079"},
    {file = "scipy-1.16.3-cp313-cp313t-macosx_14_0_arm64.whl", hash = "sha256:03192a35e661470197556de24e7cb1330d84b35b94ead65c46ad6f16f6b28f2a"},
    {file = "scipy-1.16.3-cp313-cp313t-macosx_14_0_x86_64.whl", hash = "sha256:57d01cb6f85e34f0946b33caa66e892aae072b64b034183f3d87c4025802a119"},
    {file = "scipy-1.16.3-cp313-cp313t-manylinux2014_aarch64.manylinux_2_17_aarch64.whl", hash = "sha256:96491a6a54e995f00a28a3c3badfff58fd093bf26cd5fb34a2188c8c756a3a2c"},
    {file = "scipy-1.16.3-cp313-cp313t-manylinux2014_x86_64.manylinux_2_17_x86_64.whl", hash = "sha256:cd13e354df9938598af2be05822c323e97132d5e6306b83a3b4ee6724c6e522e"},
    {file = "scipy-1.16.3-cp313-cp313t-musllinux_1_2_aarch64.whl", hash = "sha256:63d3cdacb8a824a295191a723ee5e4ea7768ca5ca5f2838532d9f2e2b3ce2135"},
    {file = "scipy-1.16.3-cp313-cp313t-musllinux_1_2_x86_64.whl", hash = "sha256:e7efa2681ea410b10dde31a52b18b0154d66f2485328830e45fdf183af5aefc6"},
    {file = "scipy-1.16.3-cp313-cp313t-win_amd64.whl", hash = "sha256:2d1ae2cf0c350e7705168ff2429962a89ad90c2d49d1dd300686d8b2a5af22fc"},
    {file = "scipy-1.16.3-cp313-cp313t-win_arm64.whl", hash = "sha256:0c623a54f7b79dd88ef56da19bc2873afec9673a48f3b85b18e4d402bdd29a5a"},
    {file = "scipy-1.16.3-cp314-cp314-macosx_10_14_x86_64.whl", hash = "sha256:875555ce62743e1d54f06cdf22c1e0bc47b91130ac40fe5d783b6dfa114beeb6"},
    {file = "scipy-1.16.3-cp314-cp314-macosx_12_0_arm64.whl", hash = "sha256:bb61878c18a470021fb515a843dc7a76961a8daceaaaa8bad1332f1bf4b54657"},
    {file = "scipy-1.16.3-cp314-cp314-macosx_14_0_arm64.whl", hash = "sha256:f2622206f5559784fa5c4b53a950c3c7c1cf3e84ca1b9c4b6c03f062f289ca26"},
    {file = "scipy-1.16.3-cp314-cp314-macosx_14_0_x86_64.whl", hash = "sha256:7f68154688c515cdb541a31ef8eb66d8cd1050605be9dcd74199cbd22ac739bc"},
    {file = "scipy-1.16.3-cp314-cp314-manylinux2014_aarch64.manylinux_2_17_aarch64.whl", hash = "sha256:8b3c820ddb80029fe9f43d61b81d8b488d3ef8ca010d15122b152db77dc94c22"},
    {file = "scipy-1.16.3-cp314-cp314-manylinux2014_x86_64.manylinux_2_17_x86_64.whl", hash = "sha256:d3837938ae715fc0fe3c39c0202de3a8853aff22ca66781ddc2ade7554b7e2cc"},
    {file = "scipy-1.16.3-cp314-cp314-musllinux_1_2_aarch64.whl", hash = "sha256:aadd23f98f9cb069b3bd64ddc900c4d277778242e961751f77a8cb5c4b946fb0"},
    {file = "scipy-1.16.3-cp314-cp314-musllinux_1_2_x86_64.whl", hash = "sha256:b7c5f1bda1354d6a19bc6af73a649f8285ca63ac6b52e64e658a5a11d4d69800"},
    {file = "scipy-1.16.3-cp314-cp314-win_amd64.whl", hash = "sha256:e5d42a9472e7579e473879a1990327830493a7047506d58d73fc429b84c1d49d"},
    {file = "scipy-1.16.3-cp314-cp314-win_arm64.whl", hash = "sha256:6020470b9d00245926f2d5bb93b119ca0340f0d564eb6fbaad843eaebf9d690f"},
    {file = "scipy-1.16.3-cp314-cp314t-macosx_10_14_x86_64.whl", hash = "sha256:e1d27cbcb4602680a49d787d90664fa4974063ac9d4134813332a8c53dbe667c"},
    {file = "scipy-1.16.3-cp314-cp314t-macosx_12_0_arm64.whl", hash = "sha256:9b9c9c07b6d56a35777a1b4cc8966118fb16cfd8daf6743867d17d36cfad2d40"},
    {file = "scipy-1.16.3-cp314-cp314t-macosx_14_0_arm64.whl", hash = "sha256:3a4c460301fb2cffb7f88528f30b3127742cff583603aa7dc964a52c463b385d"},
    {file = "scipy-1.16.3-cp314-cp314t-macosx_14_0_x86_64.whl", hash = "sha256:f667a4542cc8917af1db06366d3f78a5c8e83badd56409f94d1eac8d8d9133fa"},
    {file = "scipy-1.16.3-cp314-cp314t-manylinux2014_aarch64.manylinux_2_17_aarch64.whl", hash = "sha256:f379b54b77a597aa7ee5e697df0d66903e41b9c85a6dd7946159e356319158e8"},
    {file = "scipy-1.16.3-cp314-cp314t-manylinux2014_x86_64.manylinux_2_17_x86_64.whl", hash = "sha256:4aff59800a3b7f786b70bfd6ab551001cb553244988d7d6b8299cb1ea653b353"},
    {file = "scipy-1.16.3-cp314-cp314t-musllinux_1_2_aarch64.whl", hash = "sha256:da7763f55885045036fabcebd80144b757d3db06ab0861415d1c3b7c69042146"},
    {file = "scipy-1.16.3-cp314-cp314t-musllinux_1_2_x86_64.whl", hash = "sha256:ffa6eea95283b2b8079b821dc11f50a17d0571c92b43e2b5b12764dc5f9b285d"},
    {file = "scipy-1.16.3-cp314-cp314t-win_amd64.whl", hash = "sha256:d9f48cafc7ce94cf9b15c6bffdc443a81a27bf7075cf2dcd5c8b40f85d10c4e7"},
    {file = "scipy-1.16.3-cp314-cp314t-win_arm64.whl", hash = "sha256:21d9d6b197227a12dcbf9633320a4e34c6b0e51c57268df255a0942983bac562"},
    {file = "scipy-1.16.3.tar.gz", hash = "sha256:01e87659402762f43bd2fee13370553a17ada367d42e7487800bf2916535aecb"},
]

[package.dependencies]
numpy = ">=1.25.2,<2.6"

[package.extras]
dev = ["cython-lint (>=0.12.2)", "doit (>=0.36.0)", "mypy (==1.10.0)", "pycodestyle", "pydevtool", "rich-click", "ruff (>=0.0.292)", "types-psutil", "typing_extensions"]
doc = ["intersphinx_registry", "jupyterlite-pyodide-kernel", "jupyterlite-sphinx (>=0.19.1)", "jupytext", "linkify-it-py", "matplotlib (>=3.5)", "myst-nb (>=1.2.0)", "numpydoc", "pooch", "pydata-sphinx-theme (>=0.15.2)", "sphinx (>=5.0.0,<8.2.0)", "sphinx-copybutton", "sphinx-design (>=0.4.0)"]
test = ["Cython", "array-api-strict (>=2.3.1)", "asv", "gmpy2", "hypothesis (>=6.30)", "meson", "mpmath", "ninja ; sys_platform != \"emscripten\"", "pooch", "pytest (>=8.0.0)", "pytest-cov", "pytest-timeout", "pytest-xdist", "scikit-umfpack", "threadpoolctl"]

[[package]]
name = "smart-open"
version = "5.1.0"
description = "Utils for streaming large files (S3, HDFS, GCS, Azure Blob Storage, gzip, bz2...)"
optional = false
python-versions = ">=3.6.*"
groups = ["main"]
files = [
    {file = "smart_open-5.1.0-py3-none-any.whl", hash = "sha256:2059b07f530c8c9e2158e4e1575309aacb74bd813da2325c1f348015d04f3bd6"},
    {file = "smart_open-5.1.0.tar.gz", hash = "sha256:e4dc1350b240ef0759e343e4e2f361bfd4e5477bb2619866e97f80240652e92e"},
]

[package.extras]
all = ["azure-common", "azure-core", "azure-storage-blob", "boto3", "google-cloud-storage", "requests"]
azure = ["azure-common", "azure-core", "azure-storage-blob"]
gcs = ["google-cloud-storage"]
http = ["requests"]
s3 = ["boto3"]
test = ["azure-common", "azure-core", "azure-storage-blob", "boto3", "google-cloud-storage", "moto[server] (==1.3.14)", "parameterizedtestcase", "paramiko", "pathlib2", "pytest", "pytest-rerunfailures", "requests", "responses"]
webhdfs = ["requests"]

[[package]]
name = "tqdm"
version = "4.67.1"
description = "Fast, Extensible Progress Meter"
optional = false
python-versions = ">=3.7"
groups = ["main"]
files = [
    {file = "tqdm-4.67.1-py3-none-any.whl", hash = "sha256:26445eca388f82e72884e0d580d5464cd801a3ea01e63e5601bdff9ba6a48de2"},
    {file = "tqdm-4.67.1.tar.gz", hash = "sha256:f8aef9c52c08c13a65f30ea34f4e5aac3fd1a34959879d7e59e63027286627f2"},
]

[package.dependencies]
colorama = {version = "*", markers = "platform_system == \"Windows\""}

[package.extras]
dev = ["nbval", "pytest (>=6)", "pytest-asyncio (>=0.24)", "pytest-cov", "pytest-timeout"]
discord = ["requests"]
notebook = ["ipywidgets (>=6)"]
slack = ["slack-sdk"]
telegram = ["requests"]

[metadata]
lock-version = "2.1"
python-versions = ">=3.12"
content-hash = "cd6ebacd242a90534e07d3e6fc44d05d86d709e660f6a9af509fe9cbd9e8c3e7"
