# This file is automatically @generated by Poetry 1.5.1 and should not be changed by hand.

[[package]]
name = "py-spy"
version = "0.4.1"
description = ""
optional = false
python-versions = "*"
files = [
    {file = "py_spy-0.4.1-py2.py3-none-macosx_10_12_x86_64.macosx_11_0_arm64.macosx_10_12_universal2.whl", hash = "sha256:809094208c6256c8f4ccadd31e9a513fe2429253f48e20066879239ba12cd8cc"},
    {file = "py_spy-0.4.1-py2.py3-none-macosx_11_0_arm64.whl", hash = "sha256:1fb8bf71ab8df95a95cc387deed6552934c50feef2cf6456bc06692a5508fd0c"},
    {file = "py_spy-0.4.1-py2.py3-none-manylinux_2_17_aarch64.manylinux2014_aarch64.whl", hash = "sha256:ee776b9d512a011d1ad3907ed53ae32ce2f3d9ff3e1782236554e22103b5c084"},
    {file = "py_spy-0.4.1-py2.py3-none-manylinux_2_17_armv7l.manylinux2014_armv7l.whl", hash = "sha256:532d3525538254d1859b49de1fbe9744df6b8865657c9f0e444bf36ce3f19226"},
    {file = "py_spy-0.4.1-py2.py3-none-manylinux_2_5_i686.manylinux1_i686.whl", hash = "sha256:4972c21890b6814017e39ac233c22572c4a61fd874524ebc5ccab0f2237aee0a"},
    {file = "py_spy-0.4.1-py2.py3-none-manylinux_2_5_x86_64.manylinux1_x86_64.whl", hash = "sha256:6a80ec05eb8a6883863a367c6a4d4f2d57de68466f7956b6367d4edd5c61bb29"},
    {file = "py_spy-0.4.1-py2.py3-none-win_amd64.whl", hash = "sha256:d92e522bd40e9bf7d87c204033ce5bb5c828fca45fa28d970f58d71128069fdc"},
    {file = "py_spy-0.4.1.tar.gz", hash = "sha256:e53aa53daa2e47c2eef97dd2455b47bb3a7e7f962796a86cc3e7dbde8e6f4db4"},
]

[package.extras]
test = ["numpy"]

[metadata]
lock-version = "2.0"
python-versions = "^3.10"
content-hash = "1842895403b304a3701d45575d6a695e38e3afa2f9f140619331c23478ea2fb0"
